<?xml version="1.0" encoding="utf-8"?>
<Project ToolsVersion="4.0" xmlns="http://schemas.microsoft.com/developer/msbuild/2003">
  <ItemGroup>
    <ClInclude Include="Stdafx.h" />
    <ClInclude Include="NonCopyable.h" />
    <ClInclude Include="Hash.h" />
    <ClInclude Include="BitmaskEnum.h" />
    <ClInclude Include="Utility.h" />
    <ClInclude Include="Filesystem.h" />
    <ClInclude Include="Math\BoundingPlane.h">
      <Filter>Math</Filter>
    </ClInclude>
    <ClInclude Include="Math\BoundingSphere.h">
      <Filter>Math</Filter>
    </ClInclude>
    <ClInclude Include="Math\Color.h">
      <Filter>Math</Filter>
    </ClInclude>
    <ClInclude Include="Math\CommonMath.h">
      <Filter>Math</Filter>
    </ClInclude>
    <ClInclude Include="Math\Frustum.h">
      <Filter>Math</Filter>
    </ClInclude>
    <ClInclude Include="Math\Matrix3.h">
      <Filter>Math</Filter>
    </ClInclude>
    <ClInclude Include="Math\Matrix4.h">
      <Filter>Math</Filter>
    </ClInclude>
    <ClInclude Include="Math\Quaternion.h">
      <Filter>Math</Filter>
    </ClInclude>
    <ClInclude Include="Math\Random.h">
      <Filter>Math</Filter>
    </ClInclude>
    <ClInclude Include="Math\Scalar.h">
      <Filter>Math</Filter>
    </ClInclude>
    <ClInclude Include="Math\Transform.h">
      <Filter>Math</Filter>
    </ClInclude>
    <ClInclude Include="Math\Vector.h">
      <Filter>Math</Filter>
    </ClInclude>
    <ClInclude Include="VectorMath.h" />
    <ClInclude Include="Log.h" />
    <ClInclude Include="Input.h" />
    <ClInclude Include="Application.h" />
    <ClInclude Include="Graphics\DX12\Platform12.h">
      <Filter>Graphics\DX12</Filter>
    </ClInclude>
    <ClInclude Include="Graphics\VK\PlatformVk.h">
      <Filter>Graphics\VK</Filter>
    </ClInclude>
    <ClInclude Include="Graphics\GraphicsDevice.h">
      <Filter>Graphics</Filter>
    </ClInclude>
    <ClInclude Include="Graphics\VK\GraphicsDeviceVk.h">
      <Filter>Graphics\VK</Filter>
    </ClInclude>
    <ClInclude Include="Graphics\GraphicsEnums.h">
      <Filter>Graphics</Filter>
    </ClInclude>
    <ClInclude Include="Graphics\VK\GraphicsEnumsVk.h">
      <Filter>Graphics\VK</Filter>
    </ClInclude>
    <ClInclude Include="Graphics\DX12\GraphicsEnums12.h">
      <Filter>Graphics\DX12</Filter>
    </ClInclude>
    <ClInclude Include="Graphics\DX12\GraphicsDevice12.h">
      <Filter>Graphics\DX12</Filter>
    </ClInclude>
    <ClInclude Include="Graphics\VK\RefCountingVk.h">
      <Filter>Graphics\VK</Filter>
    </ClInclude>
    <ClInclude Include="Graphics\VK\StructureChainVk.h">
      <Filter>Graphics\VK</Filter>
    </ClInclude>
    <ClInclude Include="Graphics\VK\DynamicDispatchVk.h">
      <Filter>Graphics\VK</Filter>
    </ClInclude>
    <ClInclude Include="ArrayProxy.h" />
    <ClInclude Include="EnginePch.h" />
  </ItemGroup>
  <ItemGroup>
    <ClCompile Include="Stdafx.cpp" />
    <ClCompile Include="Hash.cpp" />
    <ClCompile Include="Utility.cpp" />
    <ClCompile Include="Filesystem.cpp" />
    <ClCompile Include="Math\Color.cpp">
      <Filter>Math</Filter>
    </ClCompile>
    <ClCompile Include="Math\Frustum.cpp">
      <Filter>Math</Filter>
    </ClCompile>
    <ClCompile Include="Math\Random.cpp">
      <Filter>Math</Filter>
    </ClCompile>
    <ClCompile Include="Log.cpp" />
    <ClCompile Include="Input.cpp" />
    <ClCompile Include="Application.cpp" />
    <ClCompile Include="Graphics\VK\GraphicsDeviceVk.cpp">
      <Filter>Graphics\VK</Filter>
    </ClCompile>
    <ClCompile Include="Graphics\DX12\GraphicsDevice12.cpp">
      <Filter>Graphics\DX12</Filter>
    </ClCompile>
    <ClCompile Include="Graphics\VK\GraphicsEnumsVk.cpp">
      <Filter>Graphics\VK</Filter>
    </ClCompile>
    <ClCompile Include="Graphics\VK\RefCountingVk.cpp">
      <Filter>Graphics\VK</Filter>
    </ClCompile>
    <ClCompile Include="Graphics\VK\DynamicDispatchVk.cpp">
      <Filter>Graphics\VK</Filter>
    </ClCompile>
  </ItemGroup>
  <ItemGroup>
    <Filter Include="Math">
      <UniqueIdentifier>{ab9b7dc1-b1c7-495b-800e-b905907f1b33}</UniqueIdentifier>
    </Filter>
    <Filter Include="Graphics">
      <UniqueIdentifier>{57fa0a30-361c-493a-984b-99a40a4d3d9f}</UniqueIdentifier>
    </Filter>
    <Filter Include="Graphics\DX12">
      <UniqueIdentifier>{dab798dd-288a-4386-855f-d9e07afc68d4}</UniqueIdentifier>
    </Filter>
    <Filter Include="Graphics\VK">
      <UniqueIdentifier>{1fb85c5e-513d-4f3e-b552-3b77f9171bc6}</UniqueIdentifier>
    </Filter>
  </ItemGroup>
  <ItemGroup>
    <None Include="Math\Functions.inl">
      <Filter>Math</Filter>
    </None>
  </ItemGroup>
</Project>